// !$*UTF8*$!
{
	archiveVersion = 1;
	classes = {
	};
	objectVersion = 46;
	objects = {

/* Begin PBXBuildFile section */
		97324D411DE74F740014F53E /* AppDelegate.swift in Sources */ = {isa = PBXBuildFile; fileRef = 97324D401DE74F740014F53E /* AppDelegate.swift */; };
		97324D431DE74F740014F53E /* ViewController.swift in Sources */ = {isa = PBXBuildFile; fileRef = 97324D421DE74F740014F53E /* ViewController.swift */; };
		97324D461DE74F740014F53E /* Main.storyboard in Resources */ = {isa = PBXBuildFile; fileRef = 97324D441DE74F740014F53E /* Main.storyboard */; };
		97324D491DE74F740014F53E /* ksItemCollector.xcdatamodeld in Sources */ = {isa = PBXBuildFile; fileRef = 97324D471DE74F740014F53E /* ksItemCollector.xcdatamodeld */; };
		97324D4B1DE74F740014F53E /* Assets.xcassets in Resources */ = {isa = PBXBuildFile; fileRef = 97324D4A1DE74F740014F53E /* Assets.xcassets */; };
		97324D4E1DE74F740014F53E /* LaunchScreen.storyboard in Resources */ = {isa = PBXBuildFile; fileRef = 97324D4C1DE74F740014F53E /* LaunchScreen.storyboard */; };
/* End PBXBuildFile section */

/* Begin PBXFileReference section */
		97324D3D1DE74F740014F53E /* ksItemCollector.app */ = {isa = PBXFileReference; explicitFileType = wrapper.application; includeInIndex = 0; path = ksItemCollector.app; sourceTree = BUILT_PRODUCTS_DIR; };
		97324D401DE74F740014F53E /* AppDelegate.swift */ = {isa = PBXFileReference; lastKnownFileType = sourcecode.swift; path = AppDelegate.swift; sourceTree = "<group>"; };
		97324D421DE74F740014F53E /* ViewController.swift */ = {isa = PBXFileReference; lastKnownFileType = sourcecode.swift; path = ViewController.swift; sourceTree = "<group>"; };
		97324D451DE74F740014F53E /* Base */ = {isa = PBXFileReference; lastKnownFileType = file.storyboard; name = Base; path = Base.lproj/Main.storyboard; sourceTree = "<group>"; };
		97324D481DE74F740014F53E /* ksItemCollector.xcdatamodel */ = {isa = PBXFileReference; lastKnownFileType = wrapper.xcdatamodel; path = ksItemCollector.xcdatamodel; sourceTree = "<group>"; };
		97324D4A1DE74F740014F53E /* Assets.xcassets */ = {isa = PBXFileReference; lastKnownFileType = folder.assetcatalog; path = Assets.xcassets; sourceTree = "<group>"; };
		97324D4D1DE74F740014F53E /* Base */ = {isa = PBXFileReference; lastKnownFileType = file.storyboard; name = Base; path = Base.lproj/LaunchScreen.storyboard; sourceTree = "<group>"; };
		97324D4F1DE74F740014F53E /* Info.plist */ = {isa = PBXFileReference; lastKnownFileType = text.plist.xml; path = Info.plist; sourceTree = "<group>"; };
/* End PBXFileReference section */

/* Begin PBXFrameworksBuildPhase section */
		97324D3A1DE74F740014F53E /* Frameworks */ = {
			isa = PBXFrameworksBuildPhase;
			buildActionMask = 2147483647;
			files = (
			);
			runOnlyForDeploymentPostprocessing = 0;
		};
/* End PBXFrameworksBuildPhase section */

/* Begin PBXGroup section */
		97324D341DE74F740014F53E = {
			isa = PBXGroup;
			children = (
				97324D3F1DE74F740014F53E /* ksItemCollector */,
				97324D3E1DE74F740014F53E /* Products */,
			);
			sourceTree = "<group>";
		};
		97324D3E1DE74F740014F53E /* Products */ = {
			isa = PBXGroup;
			children = (
				97324D3D1DE74F740014F53E /* ksItemCollector.app */,
			);
			name = Products;
			sourceTree = "<group>";
		};
		97324D3F1DE74F740014F53E /* ksItemCollector */ = {
			isa = PBXGroup;
			children = (
				97324D401DE74F740014F53E /* AppDelegate.swift */,
				97324D421DE74F740014F53E /* ViewController.swift */,
				97324D441DE74F740014F53E /* Main.storyboard */,
				97324D4A1DE74F740014F53E /* Assets.xcassets */,
				97324D4C1DE74F740014F53E /* LaunchScreen.storyboard */,
				97324D4F1DE74F740014F53E /* Info.plist */,
				97324D471DE74F740014F53E /* ksItemCollector.xcdatamodeld */,
			);
			path = ksItemCollector;
			sourceTree = "<group>";
		};
/* End PBXGroup section */

/* Begin PBXNativeTarget section */
		97324D3C1DE74F740014F53E /* ksItemCollector */ = {
			isa = PBXNativeTarget;
			buildConfigurationList = 97324D521DE74F740014F53E /* Build configuration list for PBXNativeTarget "ksItemCollector" */;
			buildPhases = (
				97324D391DE74F740014F53E /* Sources */,
				97324D3A1DE74F740014F53E /* Frameworks */,
				97324D3B1DE74F740014F53E /* Resources */,
			);
			buildRules = (
			);
			dependencies = (
			);
			name = ksItemCollector;
			productName = ksItemCollector;
			productReference = 97324D3D1DE74F740014F53E /* ksItemCollector.app */;
			productType = "com.apple.product-type.application";
		};
/* End PBXNativeTarget section */

/* Begin PBXProject section */
		97324D351DE74F740014F53E /* Project object */ = {
			isa = PBXProject;
			attributes = {
				LastSwiftUpdateCheck = 0810;
				LastUpgradeCheck = 0810;
				ORGANIZATIONNAME = "Jay P. Hayes";
				TargetAttributes = {
					97324D3C1DE74F740014F53E = {
						CreatedOnToolsVersion = 8.1;
						DevelopmentTeam = F388524QXT;
						ProvisioningStyle = Automatic;
					};
				};
			};
			buildConfigurationList = 97324D381DE74F740014F53E /* Build configuration list for PBXProject "ksItemCollector" */;
			compatibilityVersion = "Xcode 3.2";
			developmentRegion = English;
			hasScannedForEncodings = 0;
			knownRegions = (
				en,
				Base,
			);
			mainGroup = 97324D341DE74F740014F53E;
			productRefGroup = 97324D3E1DE74F740014F53E /* Products */;
			projectDirPath = "";
			projectRoot = "";
			targets = (
				97324D3C1DE74F740014F53E /* ksItemCollector */,
			);
		};
/* End PBXProject section */

/* Begin PBXResourcesBuildPhase section */
		97324D3B1DE74F740014F53E /* Resources */ = {
			isa = PBXResourcesBuildPhase;
			buildActionMask = 2147483647;
			files = (
				97324D4E1DE74F740014F53E /* LaunchScreen.storyboard in Resources */,
				97324D4B1DE74F740014F53E /* Assets.xcassets in Resources */,
				97324D461DE74F740014F53E /* Main.storyboard in Resources */,
			);
			runOnlyForDeploymentPostprocessing = 0;
		};
/* End PBXResourcesBuildPhase section */

/* Begin PBXSourcesBuildPhase section */
		97324D391DE74F740014F53E /* Sources */ = {
			isa = PBXSourcesBuildPhase;
			buildActionMask = 2147483647;
			files = (
				97324D491DE74F740014F53E /* ksItemCollector.xcdatamodeld in Sources */,
				97324D431DE74F740014F53E /* ViewController.swift in Sources */,
				97324D411DE74F740014F53E /* AppDelegate.swift in Sources */,
			);
			runOnlyForDeploymentPostprocessing = 0;
		};
/* End PBXSourcesBuildPhase section */

/* Begin PBXVariantGroup section */
		97324D441DE74F740014F53E /* Main.storyboard */ = {
			isa = PBXVariantGroup;
			children = (
				97324D451DE74F740014F53E /* Base */,
			);
			name = Main.storyboard;
			sourceTree = "<group>";
		};
		97324D4C1DE74F740014F53E /* LaunchScreen.storyboard */ = {
			isa = PBXVariantGroup;
			children = (
				97324D4D1DE74F740014F53E /* Base */,
			);
			name = LaunchScreen.storyboard;
			sourceTree = "<group>";
		};
/* End PBXVariantGroup section */

/* Begin XCBuildConfiguration section */
		97324D501DE74F740014F53E /* Debug */ = {
			isa = XCBuildConfiguration;
			buildSettings = {
				ALWAYS_SEARCH_USER_PATHS = NO;
				CLANG_ANALYZER_NONNULL = YES;
				CLANG_CXX_LANGUAGE_STANDARD = "gnu++0x";
				CLANG_CXX_LIBRARY = "libc++";
				CLANG_ENABLE_MODULES = YES;
				CLANG_ENABLE_OBJC_ARC = YES;
				CLANG_WARN_BOOL_CONVERSION = YES;
				CLANG_WARN_CONSTANT_CONVERSION = YES;
				CLANG_WARN_DIRECT_OBJC_ISA_USAGE = YES_ERROR;
				CLANG_WARN_DOCUMENTATION_COMMENTS = YES;
				CLANG_WARN_EMPTY_BODY = YES;
				CLANG_WARN_ENUM_CONVERSION = YES;
				CLANG_WARN_INFINITE_RECURSION = YES;
				CLANG_WARN_INT_CONVERSION = YES;
				CLANG_WARN_OBJC_ROOT_CLASS = YES_ERROR;
				CLANG_WARN_SUSPICIOUS_MOVES = YES;
				CLANG_WARN_UNREACHABLE_CODE = YES;
				CLANG_WARN__DUPLICATE_METHOD_MATCH = YES;
				"CODE_SIGN_IDENTITY[sdk=iphoneos*]" = "iPhone Developer";
				COPY_PHASE_STRIP = NO;
				DEBUG_INFORMATION_FORMAT = dwarf;
				ENABLE_STRICT_OBJC_MSGSEND = YES;
				ENABLE_TESTABILITY = YES;
				GCC_C_LANGUAGE_STANDARD = gnu99;
				GCC_DYNAMIC_NO_PIC = NO;
				GCC_NO_COMMON_BLOCKS = YES;
				GCC_OPTIMIZATION_LEVEL = 0;
				GCC_PREPROCESSOR_DEFINITIONS = (
					"DEBUG=1",
					"$(inherited)",
				);
				GCC_WARN_64_TO_32_BIT_CONVERSION = YES;
				GCC_WARN_ABOUT_RETURN_TYPE = YES_ERROR;
				GCC_WARN_UNDECLARED_SELECTOR = YES;
				GCC_WARN_UNINITIALIZED_AUTOS = YES_AGGRESSIVE;
				GCC_WARN_UNUSED_FUNCTION = YES;
				GCC_WARN_UNUSED_VARIABLE = YES;
				IPHONEOS_DEPLOYMENT_TARGET = 10.1;
				MTL_ENABLE_DEBUG_INFO = YES;
				ONLY_ACTIVE_ARCH = YES;
				SDKROOT = iphoneos;
				SWIFT_ACTIVE_COMPILATION_CONDITIONS = DEBUG;
				SWIFT_OPTIMIZATION_LEVEL = "-Onone";
				TARGETED_DEVICE_FAMILY = "1,2";
			};
			name = Debug;
		};
		97324D511DE74F740014F53E /* Release */ = {
			isa = XCBuildConfiguration;
			buildSettings = {
				ALWAYS_SEARCH_USER_PATHS = NO;
				CLANG_ANALYZER_NONNULL = YES;
				CLANG_CXX_LANGUAGE_STANDARD = "gnu++0x";
				CLANG_CXX_LIBRARY = "libc++";
				CLANG_ENABLE_MODULES = YES;
				CLANG_ENABLE_OBJC_ARC = YES;
				CLANG_WARN_BOOL_CONVERSION = YES;
				CLANG_WARN_CONSTANT_CONVERSION = YES;
				CLANG_WARN_DIRECT_OBJC_ISA_USAGE = YES_ERROR;
				CLANG_WARN_DOCUMENTATION_COMMENTS = YES;
				CLANG_WARN_EMPTY_BODY = YES;
				CLANG_WARN_ENUM_CONVERSION = YES;
				CLANG_WARN_INFINITE_RECURSION = YES;
				CLANG_WARN_INT_CONVERSION = YES;
				CLANG_WARN_OBJC_ROOT_CLASS = YES_ERROR;
				CLANG_WARN_SUSPICIOUS_MOVES = YES;
				CLANG_WARN_UNREACHABLE_CODE = YES;
				CLANG_WARN__DUPLICATE_METHOD_MATCH = YES;
				"CODE_SIGN_IDENTITY[sdk=iphoneos*]" = "iPhone Developer";
				COPY_PHASE_STRIP = NO;
				DEBUG_INFORMATION_FORMAT = "dwarf-with-dsym";
				ENABLE_NS_ASSERTIONS = NO;
				ENABLE_STRICT_OBJC_MSGSEND = YES;
				GCC_C_LANGUAGE_STANDARD = gnu99;
				GCC_NO_COMMON_BLOCKS = YES;
				GCC_WARN_64_TO_32_BIT_CONVERSION = YES;
				GCC_WARN_ABOUT_RETURN_TYPE = YES_ERROR;
				GCC_WARN_UNDECLARED_SELECTOR = YES;
				GCC_WARN_UNINITIALIZED_AUTOS = YES_AGGRESSIVE;
				GCC_WARN_UNUSED_FUNCTION = YES;
				GCC_WARN_UNUSED_VARIABLE = YES;
				IPHONEOS_DEPLOYMENT_TARGET = 10.1;
				MTL_ENABLE_DEBUG_INFO = NO;
				SDKROOT = iphoneos;
				SWIFT_OPTIMIZATION_LEVEL = "-Owholemodule";
				TARGETED_DEVICE_FAMILY = "1,2";
				VALIDATE_PRODUCT = YES;
			};
			name = Release;
		};
		97324D531DE74F740014F53E /* Debug */ = {
			isa = XCBuildConfiguration;
			buildSettings = {
				ASSETCATALOG_COMPILER_APPICON_NAME = AppIcon;
				DEVELOPMENT_TEAM = F388524QXT;
				INFOPLIST_FILE = ksItemCollector/Info.plist;
				LD_RUNPATH_SEARCH_PATHS = "$(inherited) @executable_path/Frameworks";
				PRODUCT_BUNDLE_IDENTIFIER = Com.JayP.ksItemCollector;
				PRODUCT_NAME = "$(TARGET_NAME)";
				SWIFT_VERSION = 3.0;
			};
			name = Debug;
		};
		97324D541DE74F740014F53E /* Release */ = {
			isa = XCBuildConfiguration;
			buildSettings = {
				ASSETCATALOG_COMPILER_APPICON_NAME = AppIcon;
				DEVELOPMENT_TEAM = F388524QXT;
				INFOPLIST_FILE = ksItemCollector/Info.plist;
				LD_RUNPATH_SEARCH_PATHS = "$(inherited) @executable_path/Frameworks";
				PRODUCT_BUNDLE_IDENTIFIER = Com.JayP.ksItemCollector;
				PRODUCT_NAME = "$(TARGET_NAME)";
				SWIFT_VERSION = 3.0;
			};
			name = Release;
		};
/* End XCBuildConfiguration section */

/* Begin XCConfigurationList section */
		97324D381DE74F740014F53E /* Build configuration list for PBXProject "ksItemCollector" */ = {
			isa = XCConfigurationList;
			buildConfigurations = (
				97324D501DE74F740014F53E /* Debug */,
				97324D511DE74F740014F53E /* Release */,
			);
			defaultConfigurationIsVisible = 0;
			defaultConfigurationName = Release;
		};
		97324D521DE74F740014F53E /* Build configuration list for PBXNativeTarget "ksItemCollector" */ = {
			isa = XCConfigurationList;
			buildConfigurations = (
				97324D531DE74F740014F53E /* Debug */,
				97324D541DE74F740014F53E /* Release */,
			);
			defaultConfigurationIsVisible = 0;
		};
/* End XCConfigurationList section */

/* Begin XCVersionGroup section */
		97324D471DE74F740014F53E /* ksItemCollector.xcdatamodeld */ = {
			isa = XCVersionGroup;
			children = (
				97324D481DE74F740014F53E /* ksItemCollector.xcdatamodel */,
			);
			currentVersion = 97324D481DE74F740014F53E /* ksItemCollector.xcdatamodel */;
			path = ksItemCollector.xcdatamodeld;
			sourceTree = "<group>";
			versionGroupType = wrapper.xcdatamodel;
		};
/* End XCVersionGroup section */
	};
	rootObject = 97324D351DE74F740014F53E /* Project object */;
}
